
Microsoft Visual Studio Solution File, Format Version 12.00
# Visual Studio Version 17
VisualStudioVersion = 17.10.34928.147
MinimumVisualStudioVersion = 10.0.40219.1
Project("{FAE04EC0-301F-11D3-BF4B-00C04F79EFBC}") = "CarAuctionManagementSystem", "CarAuctionManagementSystem.csproj", "{7A27F978-175D-4EDC-9711-6B699141357C}"
EndProject
Global
	GlobalSection(SolutionConfigurationPlatforms) = preSolution
		Debug|Any CPU = Debug|Any CPU
		Release|Any CPU = Release|Any CPU
	EndGlobalSection
	GlobalSection(ProjectConfigurationPlatforms) = postSolution
		{7A27F978-175D-4EDC-9711-6B699141357C}.Debug|Any CPU.ActiveCfg = Debug|Any CPU
		{7A27F978-175D-4EDC-9711-6B699141357C}.Debug|Any CPU.Build.0 = Debug|Any CPU
		{7A27F978-175D-4EDC-9711-6B699141357C}.Release|Any CPU.ActiveCfg = Release|Any CPU
		{7A27F978-175D-4EDC-9711-6B699141357C}.Release|Any CPU.Build.0 = Release|Any CPU
	EndGlobalSection
	GlobalSection(SolutionProperties) = preSolution
		HideSolutionNode = FALSE
	EndGlobalSection
	GlobalSection(ExtensibilityGlobals) = postSolution
		SolutionGuid = {94F66E7D-4A0F-4A13-8273-3B2066229BF0}
	EndGlobalSection
EndGlobal
